
Microsoft Visual Studio Solution File, Format Version 12.00
# Visual Studio Version 17
VisualStudioVersion = 17.5.002.0
MinimumVisualStudioVersion = 10.0.40219.1
Project("{2150E333-8FDC-42A3-9474-1A3956D46DE8}") = "CalendarBase", "CalendarBase", "{06AA8C88-631E-4662-90B1-CC227AE700E6}"
EndProject
Project("{9A19103F-16F7-4668-BE54-9A1E7A4F7556}") = "CalendarBase", "CalendarBase\Files\CalendarBase.csproj", "{638B0EB3-0AA4-4C6C-8A43-9346A732A53C}"
EndProject
Project("{2150E333-8FDC-42A3-9474-1A3956D46DE8}") = "CrtBaseConsts", "CrtBaseConsts", "{982866D8-AE72-45CA-BF31-808B266570D4}"
EndProject
Project("{9A19103F-16F7-4668-BE54-9A1E7A4F7556}") = "CrtBaseConsts", "CrtBaseConsts\Files\CrtBaseConsts.csproj", "{328404C0-51DE-47F3-8808-D6DDD84E8E80}"
EndProject
Project("{2150E333-8FDC-42A3-9474-1A3956D46DE8}") = "CrtCalendar", "CrtCalendar", "{6E83D94F-7739-4F72-B607-8A0DBEAC7A5B}"
EndProject
Project("{9A19103F-16F7-4668-BE54-9A1E7A4F7556}") = "CrtCalendar", "CrtCalendar\Files\CrtCalendar.csproj", "{E9529BB9-1D08-472C-BC84-24C4F42DD74C}"
EndProject
Project("{2150E333-8FDC-42A3-9474-1A3956D46DE8}") = "CrtCall", "CrtCall", "{F6616C6C-BF3F-4487-A77B-BC9131C7579D}"
EndProject
Project("{9A19103F-16F7-4668-BE54-9A1E7A4F7556}") = "CrtCall", "CrtCall\Files\CrtCall.csproj", "{A047DCCE-F93B-4140-83CA-BCB90C8715FF}"
EndProject
Project("{2150E333-8FDC-42A3-9474-1A3956D46DE8}") = "CrtCore", "CrtCore", "{B6A65649-0FAD-4294-8512-C0DD5413F20B}"
EndProject
Project("{9A19103F-16F7-4668-BE54-9A1E7A4F7556}") = "CrtCore", "CrtCore\Files\CrtCore.csproj", "{440627BE-6074-47BD-A9B1-5516FFF04D57}"
EndProject
Project("{2150E333-8FDC-42A3-9474-1A3956D46DE8}") = "CrtCoreBase", "CrtCoreBase", "{1CF3CCF5-1088-4E54-981B-D16029D3B72E}"
EndProject
Project("{9A19103F-16F7-4668-BE54-9A1E7A4F7556}") = "CrtCoreBase", "CrtCoreBase\Files\CrtCoreBase.csproj", "{24BC4A52-578A-4761-A1D4-91AC6E8271F1}"
EndProject
Project("{2150E333-8FDC-42A3-9474-1A3956D46DE8}") = "CrtEmailSender", "CrtEmailSender", "{2DAA8826-026D-40D2-9451-B6442C9EFBD0}"
EndProject
Project("{9A19103F-16F7-4668-BE54-9A1E7A4F7556}") = "CrtEmailSender", "CrtEmailSender\Files\CrtEmailSender.csproj", "{C858003D-C904-46DB-9461-C48A750BFA69}"
EndProject
Project("{2150E333-8FDC-42A3-9474-1A3956D46DE8}") = "CrtEmailTemplate", "CrtEmailTemplate", "{1796BCE3-4BA9-4A6F-8448-DDC95FCF42BD}"
EndProject
Project("{9A19103F-16F7-4668-BE54-9A1E7A4F7556}") = "CrtEmailTemplate", "CrtEmailTemplate\Files\CrtEmailTemplate.csproj", "{69491643-06CC-42B5-A469-0D929AF26705}"
EndProject
Project("{2150E333-8FDC-42A3-9474-1A3956D46DE8}") = "CrtFeatureToggling", "CrtFeatureToggling", "{7AED271C-ED3C-4CC9-9851-167498FF41B0}"
EndProject
Project("{9A19103F-16F7-4668-BE54-9A1E7A4F7556}") = "CrtFeatureToggling", "CrtFeatureToggling\Files\CrtFeatureToggling.csproj", "{1938013B-44D3-4EE1-87B2-17A0DAE85B9A}"
EndProject
Project("{2150E333-8FDC-42A3-9474-1A3956D46DE8}") = "CrtMacrosBase", "CrtMacrosBase", "{E3853721-2271-4AD5-9FE9-FFD3AEA6CDD4}"
EndProject
Project("{9A19103F-16F7-4668-BE54-9A1E7A4F7556}") = "CrtMacrosBase", "CrtMacrosBase\Files\CrtMacrosBase.csproj", "{8ACE66A6-44BB-4F6E-9221-3A69EEE05C5F}"
EndProject
Project("{2150E333-8FDC-42A3-9474-1A3956D46DE8}") = "CrtMessage", "CrtMessage", "{01987039-8A1F-426B-B9E9-8A34A6CC251B}"
EndProject
Project("{9A19103F-16F7-4668-BE54-9A1E7A4F7556}") = "CrtMessage", "CrtMessage\Files\CrtMessage.csproj", "{F3584EE7-EE54-4E3A-B820-F5B058D5FBC5}"
EndProject
Project("{2150E333-8FDC-42A3-9474-1A3956D46DE8}") = "CrtML", "CrtML", "{B0A7A05E-0F85-49EE-8F40-C8B6E7A88BDE}"
EndProject
Project("{9A19103F-16F7-4668-BE54-9A1E7A4F7556}") = "CrtML", "CrtML\Files\CrtML.csproj", "{9FE694A8-9CB6-4FAD-A5FD-FD5B32661D13}"
EndProject
Project("{2150E333-8FDC-42A3-9474-1A3956D46DE8}") = "CrtMLangContent", "CrtMLangContent", "{EDE0FBDA-54B6-47E8-AD59-AFB26ED63B40}"
EndProject
Project("{9A19103F-16F7-4668-BE54-9A1E7A4F7556}") = "CrtMLangContent", "CrtMLangContent\Files\CrtMLangContent.csproj", "{3E08F028-3F6A-435D-8855-F705A2D40ECB}"
EndProject
Project("{2150E333-8FDC-42A3-9474-1A3956D46DE8}") = "CrtNextStep", "CrtNextStep", "{C5DA3369-7746-4D50-B829-153B32016D5D}"
EndProject
Project("{9A19103F-16F7-4668-BE54-9A1E7A4F7556}") = "CrtNextStep", "CrtNextStep\Files\CrtNextStep.csproj", "{6225B83D-A5DB-45F0-ACE6-25CC9E1C196D}"
EndProject
Project("{2150E333-8FDC-42A3-9474-1A3956D46DE8}") = "CrtProductivityApp", "CrtProductivityApp", "{2CE59428-C310-4487-9E6B-AC07FF2FF6EA}"
EndProject
Project("{9A19103F-16F7-4668-BE54-9A1E7A4F7556}") = "CrtProductivityApp", "CrtProductivityApp\Files\CrtProductivityApp.csproj", "{C27FDE66-50A4-4A23-9D72-7C6663DAEE55}"
EndProject
Project("{2150E333-8FDC-42A3-9474-1A3956D46DE8}") = "CrtSmsIntegration", "CrtSmsIntegration", "{1FFC741B-6E60-4FED-9B6C-26C95ACECA44}"
EndProject
Project("{9A19103F-16F7-4668-BE54-9A1E7A4F7556}") = "CrtSmsIntegration", "CrtSmsIntegration\Files\CrtSmsIntegration.csproj", "{A34B803B-5B90-467C-B2F4-46D611975819}"
EndProject
Project("{2150E333-8FDC-42A3-9474-1A3956D46DE8}") = "CrtTouchPointBase", "CrtTouchPointBase", "{CBBE57D7-DB12-4E06-B0BD-075478BF59BE}"
EndProject
Project("{9A19103F-16F7-4668-BE54-9A1E7A4F7556}") = "CrtTouchPointBase", "CrtTouchPointBase\Files\CrtTouchPointBase.csproj", "{E27CDE47-5337-4C2F-9E5E-983C360A228E}"
EndProject
Project("{2150E333-8FDC-42A3-9474-1A3956D46DE8}") = "CrtUIPlatform", "CrtUIPlatform", "{15E4BB82-B998-4072-8E38-D627889E2887}"
EndProject
Project("{9A19103F-16F7-4668-BE54-9A1E7A4F7556}") = "CrtUIPlatform", "CrtUIPlatform\Files\CrtUIPlatform.csproj", "{9DB012C5-1AEC-45E6-B859-AE0E8F0728F3}"
EndProject
Project("{2150E333-8FDC-42A3-9474-1A3956D46DE8}") = "CrtUIPlatform7x", "CrtUIPlatform7x", "{6BF29DCA-32E8-4EA2-8DD1-E8A03106DB55}"
EndProject
Project("{9A19103F-16F7-4668-BE54-9A1E7A4F7556}") = "CrtUIPlatform7x", "CrtUIPlatform7x\Files\CrtUIPlatform7x.csproj", "{64A3CCC7-949B-471E-AF97-1221465011BF}"
EndProject
Project("{2150E333-8FDC-42A3-9474-1A3956D46DE8}") = "CrtUISwitcher", "CrtUISwitcher", "{B5FF324C-A571-4546-9ECB-61DD2C81B334}"
EndProject
Project("{9A19103F-16F7-4668-BE54-9A1E7A4F7556}") = "CrtUISwitcher", "CrtUISwitcher\Files\CrtUISwitcher.csproj", "{998DF7B9-FF31-46BF-9A4C-E32CC4EFF114}"
EndProject
Project("{2150E333-8FDC-42A3-9474-1A3956D46DE8}") = "CrtWebFormBase", "CrtWebFormBase", "{FB45EFE9-6E46-46C6-94CA-3CA26940D990}"
EndProject
Project("{9A19103F-16F7-4668-BE54-9A1E7A4F7556}") = "CrtWebFormBase", "CrtWebFormBase\Files\CrtWebFormBase.csproj", "{142C5D9F-A751-4FE6-BE0D-CFDB5DE3A5A0}"
EndProject
Project("{2150E333-8FDC-42A3-9474-1A3956D46DE8}") = "CrtWebhookServiceBase", "CrtWebhookServiceBase", "{EAA4257F-AE36-4BD6-B74F-A4AFA2FAE705}"
EndProject
Project("{9A19103F-16F7-4668-BE54-9A1E7A4F7556}") = "CrtWebhookServiceBase", "CrtWebhookServiceBase\Files\CrtWebhookServiceBase.csproj", "{497DDF01-0A3E-4CAC-BE98-6E28AF54DC34}"
EndProject
Project("{2150E333-8FDC-42A3-9474-1A3956D46DE8}") = "CSP", "CSP", "{4CC91B18-3CF3-4473-AA7A-F6CECA6FFBB0}"
EndProject
Project("{9A19103F-16F7-4668-BE54-9A1E7A4F7556}") = "CSP", "CSP\Files\CSP.csproj", "{14D73308-C9A2-4B02-9670-B22296AE0FEF}"
EndProject
Project("{2150E333-8FDC-42A3-9474-1A3956D46DE8}") = "FeatureToggling", "FeatureToggling", "{B5F087F8-D70A-4297-AA5F-49EF9399B508}"
EndProject
Project("{9A19103F-16F7-4668-BE54-9A1E7A4F7556}") = "FeatureToggling", "FeatureToggling\Files\FeatureToggling.csproj", "{7B05A7BC-BCE6-4216-9A02-0254D6B50DD4}"
EndProject
Project("{2150E333-8FDC-42A3-9474-1A3956D46DE8}") = "Finesse", "Finesse", "{32C82FAA-B28F-47ED-BE23-98DC21D1AB47}"
EndProject
Project("{9A19103F-16F7-4668-BE54-9A1E7A4F7556}") = "Finesse", "Finesse\Files\Finesse.csproj", "{97AC7DEC-9549-4C88-B7D9-85562A5867A8}"
EndProject
Project("{2150E333-8FDC-42A3-9474-1A3956D46DE8}") = "MLProcessDesigner", "MLProcessDesigner", "{7AFE9B1E-70B7-4BAF-8EB3-E5E320DC805F}"
EndProject
Project("{9A19103F-16F7-4668-BE54-9A1E7A4F7556}") = "MLProcessDesigner", "MLProcessDesigner\Files\MLProcessDesigner.csproj", "{2362CC0A-C5E8-486C-9F21-79CE377E7CC0}"
EndProject
Project("{2150E333-8FDC-42A3-9474-1A3956D46DE8}") = "OpenIdAuth", "OpenIdAuth", "{B2DE064E-B7F6-413F-89FF-7FF2E603AE39}"
EndProject
Project("{9A19103F-16F7-4668-BE54-9A1E7A4F7556}") = "OpenIdAuth", "OpenIdAuth\Files\OpenIdAuth.csproj", "{8992FEAD-7FB5-4095-A2CD-ADD32B24B514}"
EndProject
Project("{2150E333-8FDC-42A3-9474-1A3956D46DE8}") = "RealtySample", "RealtySample", "{9AA0DD86-7E2D-4745-B5B0-C937BB5D703F}"
EndProject
Project("{9A19103F-16F7-4668-BE54-9A1E7A4F7556}") = "RealtySample", "RealtySample\Files\RealtySample.csproj", "{90F27BBF-4DF8-4ED7-B78F-6B7AABDEF2AC}"
EndProject
Project("{2150E333-8FDC-42A3-9474-1A3956D46DE8}") = "SsoSettings", "SsoSettings", "{55890F3D-D654-444C-981E-CFFF0B169697}"
EndProject
Project("{9A19103F-16F7-4668-BE54-9A1E7A4F7556}") = "SsoSettings", "SsoSettings\Files\SsoSettings.csproj", "{146EB014-43FC-41EA-B614-A836D010F68A}"
EndProject
Project("{2150E333-8FDC-42A3-9474-1A3956D46DE8}") = "XSSProtection", "XSSProtection", "{7C7C030D-9561-47AD-A4DC-30F9BB7CA259}"
EndProject
Project("{9A19103F-16F7-4668-BE54-9A1E7A4F7556}") = "XSSProtection", "XSSProtection\Files\XSSProtection.csproj", "{FCA12C89-E910-4352-B972-C600D5332C0C}"
EndProject
Global
	GlobalSection(SolutionConfigurationPlatforms) = preSolution
		Debug|Any CPU = Debug|Any CPU
		Release|Any CPU = Release|Any CPU
	EndGlobalSection
	GlobalSection(ProjectConfigurationPlatforms) = postSolution
		{638B0EB3-0AA4-4C6C-8A43-9346A732A53C}.Debug|Any CPU.ActiveCfg = Debug|Any CPU
		{638B0EB3-0AA4-4C6C-8A43-9346A732A53C}.Debug|Any CPU.Build.0 = Debug|Any CPU
		{638B0EB3-0AA4-4C6C-8A43-9346A732A53C}.Release|Any CPU.ActiveCfg = Release|Any CPU
		{638B0EB3-0AA4-4C6C-8A43-9346A732A53C}.Release|Any CPU.Build.0 = Release|Any CPU
		{328404C0-51DE-47F3-8808-D6DDD84E8E80}.Debug|Any CPU.ActiveCfg = Debug|Any CPU
		{328404C0-51DE-47F3-8808-D6DDD84E8E80}.Debug|Any CPU.Build.0 = Debug|Any CPU
		{328404C0-51DE-47F3-8808-D6DDD84E8E80}.Release|Any CPU.ActiveCfg = Release|Any CPU
		{328404C0-51DE-47F3-8808-D6DDD84E8E80}.Release|Any CPU.Build.0 = Release|Any CPU
		{E9529BB9-1D08-472C-BC84-24C4F42DD74C}.Debug|Any CPU.ActiveCfg = Debug|Any CPU
		{E9529BB9-1D08-472C-BC84-24C4F42DD74C}.Debug|Any CPU.Build.0 = Debug|Any CPU
		{E9529BB9-1D08-472C-BC84-24C4F42DD74C}.Release|Any CPU.ActiveCfg = Release|Any CPU
		{E9529BB9-1D08-472C-BC84-24C4F42DD74C}.Release|Any CPU.Build.0 = Release|Any CPU
		{A047DCCE-F93B-4140-83CA-BCB90C8715FF}.Debug|Any CPU.ActiveCfg = Debug|Any CPU
		{A047DCCE-F93B-4140-83CA-BCB90C8715FF}.Debug|Any CPU.Build.0 = Debug|Any CPU
		{A047DCCE-F93B-4140-83CA-BCB90C8715FF}.Release|Any CPU.ActiveCfg = Release|Any CPU
		{A047DCCE-F93B-4140-83CA-BCB90C8715FF}.Release|Any CPU.Build.0 = Release|Any CPU
		{440627BE-6074-47BD-A9B1-5516FFF04D57}.Debug|Any CPU.ActiveCfg = Debug|Any CPU
		{440627BE-6074-47BD-A9B1-5516FFF04D57}.Debug|Any CPU.Build.0 = Debug|Any CPU
		{440627BE-6074-47BD-A9B1-5516FFF04D57}.Release|Any CPU.ActiveCfg = Release|Any CPU
		{440627BE-6074-47BD-A9B1-5516FFF04D57}.Release|Any CPU.Build.0 = Release|Any CPU
		{24BC4A52-578A-4761-A1D4-91AC6E8271F1}.Debug|Any CPU.ActiveCfg = Debug|Any CPU
		{24BC4A52-578A-4761-A1D4-91AC6E8271F1}.Debug|Any CPU.Build.0 = Debug|Any CPU
		{24BC4A52-578A-4761-A1D4-91AC6E8271F1}.Release|Any CPU.ActiveCfg = Release|Any CPU
		{24BC4A52-578A-4761-A1D4-91AC6E8271F1}.Release|Any CPU.Build.0 = Release|Any CPU
		{C858003D-C904-46DB-9461-C48A750BFA69}.Debug|Any CPU.ActiveCfg = Debug|Any CPU
		{C858003D-C904-46DB-9461-C48A750BFA69}.Debug|Any CPU.Build.0 = Debug|Any CPU
		{C858003D-C904-46DB-9461-C48A750BFA69}.Release|Any CPU.ActiveCfg = Release|Any CPU
		{C858003D-C904-46DB-9461-C48A750BFA69}.Release|Any CPU.Build.0 = Release|Any CPU
		{69491643-06CC-42B5-A469-0D929AF26705}.Debug|Any CPU.ActiveCfg = Debug|Any CPU
		{69491643-06CC-42B5-A469-0D929AF26705}.Debug|Any CPU.Build.0 = Debug|Any CPU
		{69491643-06CC-42B5-A469-0D929AF26705}.Release|Any CPU.ActiveCfg = Release|Any CPU
		{69491643-06CC-42B5-A469-0D929AF26705}.Release|Any CPU.Build.0 = Release|Any CPU
		{1938013B-44D3-4EE1-87B2-17A0DAE85B9A}.Debug|Any CPU.ActiveCfg = Debug|Any CPU
		{1938013B-44D3-4EE1-87B2-17A0DAE85B9A}.Debug|Any CPU.Build.0 = Debug|Any CPU
		{1938013B-44D3-4EE1-87B2-17A0DAE85B9A}.Release|Any CPU.ActiveCfg = Release|Any CPU
		{1938013B-44D3-4EE1-87B2-17A0DAE85B9A}.Release|Any CPU.Build.0 = Release|Any CPU
		{8ACE66A6-44BB-4F6E-9221-3A69EEE05C5F}.Debug|Any CPU.ActiveCfg = Debug|Any CPU
		{8ACE66A6-44BB-4F6E-9221-3A69EEE05C5F}.Debug|Any CPU.Build.0 = Debug|Any CPU
		{8ACE66A6-44BB-4F6E-9221-3A69EEE05C5F}.Release|Any CPU.ActiveCfg = Release|Any CPU
		{8ACE66A6-44BB-4F6E-9221-3A69EEE05C5F}.Release|Any CPU.Build.0 = Release|Any CPU
		{F3584EE7-EE54-4E3A-B820-F5B058D5FBC5}.Debug|Any CPU.ActiveCfg = Debug|Any CPU
		{F3584EE7-EE54-4E3A-B820-F5B058D5FBC5}.Debug|Any CPU.Build.0 = Debug|Any CPU
		{F3584EE7-EE54-4E3A-B820-F5B058D5FBC5}.Release|Any CPU.ActiveCfg = Release|Any CPU
		{F3584EE7-EE54-4E3A-B820-F5B058D5FBC5}.Release|Any CPU.Build.0 = Release|Any CPU
		{9FE694A8-9CB6-4FAD-A5FD-FD5B32661D13}.Debug|Any CPU.ActiveCfg = Debug|Any CPU
		{9FE694A8-9CB6-4FAD-A5FD-FD5B32661D13}.Debug|Any CPU.Build.0 = Debug|Any CPU
		{9FE694A8-9CB6-4FAD-A5FD-FD5B32661D13}.Release|Any CPU.ActiveCfg = Release|Any CPU
		{9FE694A8-9CB6-4FAD-A5FD-FD5B32661D13}.Release|Any CPU.Build.0 = Release|Any CPU
		{3E08F028-3F6A-435D-8855-F705A2D40ECB}.Debug|Any CPU.ActiveCfg = Debug|Any CPU
		{3E08F028-3F6A-435D-8855-F705A2D40ECB}.Debug|Any CPU.Build.0 = Debug|Any CPU
		{3E08F028-3F6A-435D-8855-F705A2D40ECB}.Release|Any CPU.ActiveCfg = Release|Any CPU
		{3E08F028-3F6A-435D-8855-F705A2D40ECB}.Release|Any CPU.Build.0 = Release|Any CPU
		{6225B83D-A5DB-45F0-ACE6-25CC9E1C196D}.Debug|Any CPU.ActiveCfg = Debug|Any CPU
		{6225B83D-A5DB-45F0-ACE6-25CC9E1C196D}.Debug|Any CPU.Build.0 = Debug|Any CPU
		{6225B83D-A5DB-45F0-ACE6-25CC9E1C196D}.Release|Any CPU.ActiveCfg = Release|Any CPU
		{6225B83D-A5DB-45F0-ACE6-25CC9E1C196D}.Release|Any CPU.Build.0 = Release|Any CPU
		{C27FDE66-50A4-4A23-9D72-7C6663DAEE55}.Debug|Any CPU.ActiveCfg = Debug|Any CPU
		{C27FDE66-50A4-4A23-9D72-7C6663DAEE55}.Debug|Any CPU.Build.0 = Debug|Any CPU
		{C27FDE66-50A4-4A23-9D72-7C6663DAEE55}.Release|Any CPU.ActiveCfg = Release|Any CPU
		{C27FDE66-50A4-4A23-9D72-7C6663DAEE55}.Release|Any CPU.Build.0 = Release|Any CPU
		{A34B803B-5B90-467C-B2F4-46D611975819}.Debug|Any CPU.ActiveCfg = Debug|Any CPU
		{A34B803B-5B90-467C-B2F4-46D611975819}.Debug|Any CPU.Build.0 = Debug|Any CPU
		{A34B803B-5B90-467C-B2F4-46D611975819}.Release|Any CPU.ActiveCfg = Release|Any CPU
		{A34B803B-5B90-467C-B2F4-46D611975819}.Release|Any CPU.Build.0 = Release|Any CPU
		{E27CDE47-5337-4C2F-9E5E-983C360A228E}.Debug|Any CPU.ActiveCfg = Debug|Any CPU
		{E27CDE47-5337-4C2F-9E5E-983C360A228E}.Debug|Any CPU.Build.0 = Debug|Any CPU
		{E27CDE47-5337-4C2F-9E5E-983C360A228E}.Release|Any CPU.ActiveCfg = Release|Any CPU
		{E27CDE47-5337-4C2F-9E5E-983C360A228E}.Release|Any CPU.Build.0 = Release|Any CPU
		{9DB012C5-1AEC-45E6-B859-AE0E8F0728F3}.Debug|Any CPU.ActiveCfg = Debug|Any CPU
		{9DB012C5-1AEC-45E6-B859-AE0E8F0728F3}.Debug|Any CPU.Build.0 = Debug|Any CPU
		{9DB012C5-1AEC-45E6-B859-AE0E8F0728F3}.Release|Any CPU.ActiveCfg = Release|Any CPU
		{9DB012C5-1AEC-45E6-B859-AE0E8F0728F3}.Release|Any CPU.Build.0 = Release|Any CPU
		{64A3CCC7-949B-471E-AF97-1221465011BF}.Debug|Any CPU.ActiveCfg = Debug|Any CPU
		{64A3CCC7-949B-471E-AF97-1221465011BF}.Debug|Any CPU.Build.0 = Debug|Any CPU
		{64A3CCC7-949B-471E-AF97-1221465011BF}.Release|Any CPU.ActiveCfg = Release|Any CPU
		{64A3CCC7-949B-471E-AF97-1221465011BF}.Release|Any CPU.Build.0 = Release|Any CPU
		{998DF7B9-FF31-46BF-9A4C-E32CC4EFF114}.Debug|Any CPU.ActiveCfg = Debug|Any CPU
		{998DF7B9-FF31-46BF-9A4C-E32CC4EFF114}.Debug|Any CPU.Build.0 = Debug|Any CPU
		{998DF7B9-FF31-46BF-9A4C-E32CC4EFF114}.Release|Any CPU.ActiveCfg = Release|Any CPU
		{998DF7B9-FF31-46BF-9A4C-E32CC4EFF114}.Release|Any CPU.Build.0 = Release|Any CPU
		{142C5D9F-A751-4FE6-BE0D-CFDB5DE3A5A0}.Debug|Any CPU.ActiveCfg = Debug|Any CPU
		{142C5D9F-A751-4FE6-BE0D-CFDB5DE3A5A0}.Debug|Any CPU.Build.0 = Debug|Any CPU
		{142C5D9F-A751-4FE6-BE0D-CFDB5DE3A5A0}.Release|Any CPU.ActiveCfg = Release|Any CPU
		{142C5D9F-A751-4FE6-BE0D-CFDB5DE3A5A0}.Release|Any CPU.Build.0 = Release|Any CPU
		{497DDF01-0A3E-4CAC-BE98-6E28AF54DC34}.Debug|Any CPU.ActiveCfg = Debug|Any CPU
		{497DDF01-0A3E-4CAC-BE98-6E28AF54DC34}.Debug|Any CPU.Build.0 = Debug|Any CPU
		{497DDF01-0A3E-4CAC-BE98-6E28AF54DC34}.Release|Any CPU.ActiveCfg = Release|Any CPU
		{497DDF01-0A3E-4CAC-BE98-6E28AF54DC34}.Release|Any CPU.Build.0 = Release|Any CPU
		{14D73308-C9A2-4B02-9670-B22296AE0FEF}.Debug|Any CPU.ActiveCfg = Debug|Any CPU
		{14D73308-C9A2-4B02-9670-B22296AE0FEF}.Debug|Any CPU.Build.0 = Debug|Any CPU
		{14D73308-C9A2-4B02-9670-B22296AE0FEF}.Release|Any CPU.ActiveCfg = Release|Any CPU
		{14D73308-C9A2-4B02-9670-B22296AE0FEF}.Release|Any CPU.Build.0 = Release|Any CPU
		{7B05A7BC-BCE6-4216-9A02-0254D6B50DD4}.Debug|Any CPU.ActiveCfg = Debug|Any CPU
		{7B05A7BC-BCE6-4216-9A02-0254D6B50DD4}.Debug|Any CPU.Build.0 = Debug|Any CPU
		{7B05A7BC-BCE6-4216-9A02-0254D6B50DD4}.Release|Any CPU.ActiveCfg = Release|Any CPU
		{7B05A7BC-BCE6-4216-9A02-0254D6B50DD4}.Release|Any CPU.Build.0 = Release|Any CPU
		{97AC7DEC-9549-4C88-B7D9-85562A5867A8}.Debug|Any CPU.ActiveCfg = Debug|Any CPU
		{97AC7DEC-9549-4C88-B7D9-85562A5867A8}.Debug|Any CPU.Build.0 = Debug|Any CPU
		{97AC7DEC-9549-4C88-B7D9-85562A5867A8}.Release|Any CPU.ActiveCfg = Release|Any CPU
		{97AC7DEC-9549-4C88-B7D9-85562A5867A8}.Release|Any CPU.Build.0 = Release|Any CPU
		{2362CC0A-C5E8-486C-9F21-79CE377E7CC0}.Debug|Any CPU.ActiveCfg = Debug|Any CPU
		{2362CC0A-C5E8-486C-9F21-79CE377E7CC0}.Debug|Any CPU.Build.0 = Debug|Any CPU
		{2362CC0A-C5E8-486C-9F21-79CE377E7CC0}.Release|Any CPU.ActiveCfg = Release|Any CPU
		{2362CC0A-C5E8-486C-9F21-79CE377E7CC0}.Release|Any CPU.Build.0 = Release|Any CPU
		{8992FEAD-7FB5-4095-A2CD-ADD32B24B514}.Debug|Any CPU.ActiveCfg = Debug|Any CPU
		{8992FEAD-7FB5-4095-A2CD-ADD32B24B514}.Debug|Any CPU.Build.0 = Debug|Any CPU
		{8992FEAD-7FB5-4095-A2CD-ADD32B24B514}.Release|Any CPU.ActiveCfg = Release|Any CPU
		{8992FEAD-7FB5-4095-A2CD-ADD32B24B514}.Release|Any CPU.Build.0 = Release|Any CPU
		{90F27BBF-4DF8-4ED7-B78F-6B7AABDEF2AC}.Debug|Any CPU.ActiveCfg = Debug|Any CPU
		{90F27BBF-4DF8-4ED7-B78F-6B7AABDEF2AC}.Debug|Any CPU.Build.0 = Debug|Any CPU
		{90F27BBF-4DF8-4ED7-B78F-6B7AABDEF2AC}.Release|Any CPU.ActiveCfg = Release|Any CPU
		{90F27BBF-4DF8-4ED7-B78F-6B7AABDEF2AC}.Release|Any CPU.Build.0 = Release|Any CPU
		{146EB014-43FC-41EA-B614-A836D010F68A}.Debug|Any CPU.ActiveCfg = Debug|Any CPU
		{146EB014-43FC-41EA-B614-A836D010F68A}.Debug|Any CPU.Build.0 = Debug|Any CPU
		{146EB014-43FC-41EA-B614-A836D010F68A}.Release|Any CPU.ActiveCfg = Release|Any CPU
		{146EB014-43FC-41EA-B614-A836D010F68A}.Release|Any CPU.Build.0 = Release|Any CPU
		{FCA12C89-E910-4352-B972-C600D5332C0C}.Debug|Any CPU.ActiveCfg = Debug|Any CPU
		{FCA12C89-E910-4352-B972-C600D5332C0C}.Debug|Any CPU.Build.0 = Debug|Any CPU
		{FCA12C89-E910-4352-B972-C600D5332C0C}.Release|Any CPU.ActiveCfg = Release|Any CPU
		{FCA12C89-E910-4352-B972-C600D5332C0C}.Release|Any CPU.Build.0 = Release|Any CPU
	EndGlobalSection
	GlobalSection(SolutionProperties) = preSolution
		HideSolutionNode = FALSE
	EndGlobalSection
	GlobalSection(NestedProjects) = preSolution
		{638B0EB3-0AA4-4C6C-8A43-9346A732A53C} = {06AA8C88-631E-4662-90B1-CC227AE700E6}
		{328404C0-51DE-47F3-8808-D6DDD84E8E80} = {982866D8-AE72-45CA-BF31-808B266570D4}
		{E9529BB9-1D08-472C-BC84-24C4F42DD74C} = {6E83D94F-7739-4F72-B607-8A0DBEAC7A5B}
		{A047DCCE-F93B-4140-83CA-BCB90C8715FF} = {F6616C6C-BF3F-4487-A77B-BC9131C7579D}
		{440627BE-6074-47BD-A9B1-5516FFF04D57} = {B6A65649-0FAD-4294-8512-C0DD5413F20B}
		{24BC4A52-578A-4761-A1D4-91AC6E8271F1} = {1CF3CCF5-1088-4E54-981B-D16029D3B72E}
		{C858003D-C904-46DB-9461-C48A750BFA69} = {2DAA8826-026D-40D2-9451-B6442C9EFBD0}
		{69491643-06CC-42B5-A469-0D929AF26705} = {1796BCE3-4BA9-4A6F-8448-DDC95FCF42BD}
		{1938013B-44D3-4EE1-87B2-17A0DAE85B9A} = {7AED271C-ED3C-4CC9-9851-167498FF41B0}
		{8ACE66A6-44BB-4F6E-9221-3A69EEE05C5F} = {E3853721-2271-4AD5-9FE9-FFD3AEA6CDD4}
		{F3584EE7-EE54-4E3A-B820-F5B058D5FBC5} = {01987039-8A1F-426B-B9E9-8A34A6CC251B}
		{9FE694A8-9CB6-4FAD-A5FD-FD5B32661D13} = {B0A7A05E-0F85-49EE-8F40-C8B6E7A88BDE}
		{3E08F028-3F6A-435D-8855-F705A2D40ECB} = {EDE0FBDA-54B6-47E8-AD59-AFB26ED63B40}
		{6225B83D-A5DB-45F0-ACE6-25CC9E1C196D} = {C5DA3369-7746-4D50-B829-153B32016D5D}
		{C27FDE66-50A4-4A23-9D72-7C6663DAEE55} = {2CE59428-C310-4487-9E6B-AC07FF2FF6EA}
		{A34B803B-5B90-467C-B2F4-46D611975819} = {1FFC741B-6E60-4FED-9B6C-26C95ACECA44}
		{E27CDE47-5337-4C2F-9E5E-983C360A228E} = {CBBE57D7-DB12-4E06-B0BD-075478BF59BE}
		{9DB012C5-1AEC-45E6-B859-AE0E8F0728F3} = {15E4BB82-B998-4072-8E38-D627889E2887}
		{64A3CCC7-949B-471E-AF97-1221465011BF} = {6BF29DCA-32E8-4EA2-8DD1-E8A03106DB55}
		{998DF7B9-FF31-46BF-9A4C-E32CC4EFF114} = {B5FF324C-A571-4546-9ECB-61DD2C81B334}
		{142C5D9F-A751-4FE6-BE0D-CFDB5DE3A5A0} = {FB45EFE9-6E46-46C6-94CA-3CA26940D990}
		{497DDF01-0A3E-4CAC-BE98-6E28AF54DC34} = {EAA4257F-AE36-4BD6-B74F-A4AFA2FAE705}
		{14D73308-C9A2-4B02-9670-B22296AE0FEF} = {4CC91B18-3CF3-4473-AA7A-F6CECA6FFBB0}
		{7B05A7BC-BCE6-4216-9A02-0254D6B50DD4} = {B5F087F8-D70A-4297-AA5F-49EF9399B508}
		{97AC7DEC-9549-4C88-B7D9-85562A5867A8} = {32C82FAA-B28F-47ED-BE23-98DC21D1AB47}
		{2362CC0A-C5E8-486C-9F21-79CE377E7CC0} = {7AFE9B1E-70B7-4BAF-8EB3-E5E320DC805F}
		{8992FEAD-7FB5-4095-A2CD-ADD32B24B514} = {B2DE064E-B7F6-413F-89FF-7FF2E603AE39}
		{90F27BBF-4DF8-4ED7-B78F-6B7AABDEF2AC} = {9AA0DD86-7E2D-4745-B5B0-C937BB5D703F}
		{146EB014-43FC-41EA-B614-A836D010F68A} = {55890F3D-D654-444C-981E-CFFF0B169697}
		{FCA12C89-E910-4352-B972-C600D5332C0C} = {7C7C030D-9561-47AD-A4DC-30F9BB7CA259}
	EndGlobalSection
	GlobalSection(ExtensibilityGlobals) = postSolution
		SolutionGuid = {F6FE9273-67A3-41CF-976D-A0386178A326}
	EndGlobalSection
EndGlobal
